
Microsoft Visual Studio Solution File, Format Version 12.00
# Visual Studio 2012
Project("{FAE04EC0-301F-11D3-BF4B-00C04F79EFBC}") = "Frequency", "Frequency\Frequency.csproj", "{965E3342-DC39-4770-9774-5C434DE91056}"
EndProject
Project("{2150E333-8FDC-42A3-9474-1A3956D46DE8}") = "Solution Items", "Solution Items", "{854242E9-9400-423C-992F-063E073CBEF7}"
	ProjectSection(SolutionItems) = preProject
		Frequency\bin\Debug\Test.txt = Frequency\bin\Debug\Test.txt
	EndProjectSection
EndProject
Project("{FAE04EC0-301F-11D3-BF4B-00C04F79EFBC}") = "Frequency.Tests", "Frequency.Tests\Frequency.Tests.csproj", "{4EC9923D-DF6F-48D8-8015-F3E0006E2CE0}"
EndProject
Global
	GlobalSection(SolutionConfigurationPlatforms) = preSolution
		Debug|Any CPU = Debug|Any CPU
		Release|Any CPU = Release|Any CPU
	EndGlobalSection
	GlobalSection(ProjectConfigurationPlatforms) = postSolution
		{965E3342-DC39-4770-9774-5C434DE91056}.Debug|Any CPU.ActiveCfg = Debug|Any CPU
		{965E3342-DC39-4770-9774-5C434DE91056}.Debug|Any CPU.Build.0 = Debug|Any CPU
		{965E3342-DC39-4770-9774-5C434DE91056}.Release|Any CPU.ActiveCfg = Release|Any CPU
		{965E3342-DC39-4770-9774-5C434DE91056}.Release|Any CPU.Build.0 = Release|Any CPU
		{4EC9923D-DF6F-48D8-8015-F3E0006E2CE0}.Debug|Any CPU.ActiveCfg = Debug|Any CPU
		{4EC9923D-DF6F-48D8-8015-F3E0006E2CE0}.Debug|Any CPU.Build.0 = Debug|Any CPU
		{4EC9923D-DF6F-48D8-8015-F3E0006E2CE0}.Release|Any CPU.ActiveCfg = Release|Any CPU
		{4EC9923D-DF6F-48D8-8015-F3E0006E2CE0}.Release|Any CPU.Build.0 = Release|Any CPU
	EndGlobalSection
	GlobalSection(SolutionProperties) = preSolution
		HideSolutionNode = FALSE
	EndGlobalSection
EndGlobal
